
Microsoft Visual Studio Solution File, Format Version 12.00
# Visual Studio Version 17
VisualStudioVersion = 17.11.35327.3
MinimumVisualStudioVersion = 10.0.40219.1
Project("{FAE04EC0-301F-11D3-BF4B-00C04F79EFBC}") = "UI_QuanLyShopQuanAo", "UI_QuanLyShopQuanAo\UI_QuanLyShopQuanAo.csproj", "{D986024E-FD94-494E-8AB9-C02AD46A46C0}"
EndProject
Project("{FAE04EC0-301F-11D3-BF4B-00C04F79EFBC}") = "Utility", "Utility\Utility.csproj", "{B32A170A-11E3-488B-BFEA-F77EA2B95E42}"
EndProject
Global
	GlobalSection(SolutionConfigurationPlatforms) = preSolution
		Debug|Any CPU = Debug|Any CPU
		Release|Any CPU = Release|Any CPU
	EndGlobalSection
	GlobalSection(ProjectConfigurationPlatforms) = postSolution
		{D986024E-FD94-494E-8AB9-C02AD46A46C0}.Debug|Any CPU.ActiveCfg = Debug|Any CPU
		{D986024E-FD94-494E-8AB9-C02AD46A46C0}.Debug|Any CPU.Build.0 = Debug|Any CPU
		{D986024E-FD94-494E-8AB9-C02AD46A46C0}.Release|Any CPU.ActiveCfg = Release|Any CPU
		{D986024E-FD94-494E-8AB9-C02AD46A46C0}.Release|Any CPU.Build.0 = Release|Any CPU
		{B32A170A-11E3-488B-BFEA-F77EA2B95E42}.Debug|Any CPU.ActiveCfg = Debug|Any CPU
		{B32A170A-11E3-488B-BFEA-F77EA2B95E42}.Debug|Any CPU.Build.0 = Debug|Any CPU
		{B32A170A-11E3-488B-BFEA-F77EA2B95E42}.Release|Any CPU.ActiveCfg = Release|Any CPU
		{B32A170A-11E3-488B-BFEA-F77EA2B95E42}.Release|Any CPU.Build.0 = Release|Any CPU
	EndGlobalSection
	GlobalSection(SolutionProperties) = preSolution
		HideSolutionNode = FALSE
	EndGlobalSection
	GlobalSection(ExtensibilityGlobals) = postSolution
		SolutionGuid = {259FB451-2177-4C09-AD70-D1FF14E2234C}
	EndGlobalSection
EndGlobal
